// !$*UTF8*$!
{
	archiveVersion = 1;
	classes = {
	};
	objectVersion = 48;
	objects = {

/* Begin PBXBuildFile section */
		810AA4AF1F3C7ACA00941ECC /* AppDelegate.swift in Sources */ = {isa = PBXBuildFile; fileRef = 810AA4AE1F3C7ACA00941ECC /* AppDelegate.swift */; };
		810AA4B11F3C7ACA00941ECC /* ViewController.swift in Sources */ = {isa = PBXBuildFile; fileRef = 810AA4B01F3C7ACA00941ECC /* ViewController.swift */; };
		810AA4B41F3C7ACA00941ECC /* Main.storyboard in Resources */ = {isa = PBXBuildFile; fileRef = 810AA4B21F3C7ACA00941ECC /* Main.storyboard */; };
		810AA4B61F3C7ACA00941ECC /* Assets.xcassets in Resources */ = {isa = PBXBuildFile; fileRef = 810AA4B51F3C7ACA00941ECC /* Assets.xcassets */; };
		810AA4B91F3C7ACA00941ECC /* LaunchScreen.storyboard in Resources */ = {isa = PBXBuildFile; fileRef = 810AA4B71F3C7ACA00941ECC /* LaunchScreen.storyboard */; };
		810AA4C41F3C7ACA00941ECC /* StackViewTests.swift in Sources */ = {isa = PBXBuildFile; fileRef = 810AA4C31F3C7ACA00941ECC /* StackViewTests.swift */; };
		810AA4CF1F3C7ACA00941ECC /* StackViewUITests.swift in Sources */ = {isa = PBXBuildFile; fileRef = 810AA4CE1F3C7ACA00941ECC /* StackViewUITests.swift */; };
/* End PBXBuildFile section */

/* Begin PBXContainerItemProxy section */
		810AA4C01F3C7ACA00941ECC /* PBXContainerItemProxy */ = {
			isa = PBXContainerItemProxy;
			containerPortal = 810AA4A31F3C7ACA00941ECC /* Project object */;
			proxyType = 1;
			remoteGlobalIDString = 810AA4AA1F3C7ACA00941ECC;
			remoteInfo = StackView;
		};
		810AA4CB1F3C7ACA00941ECC /* PBXContainerItemProxy */ = {
			isa = PBXContainerItemProxy;
			containerPortal = 810AA4A31F3C7ACA00941ECC /* Project object */;
			proxyType = 1;
			remoteGlobalIDString = 810AA4AA1F3C7ACA00941ECC;
			remoteInfo = StackView;
		};
/* End PBXContainerItemProxy section */

/* Begin PBXFileReference section */
		810AA4AB1F3C7ACA00941ECC /* StackView.app */ = {isa = PBXFileReference; explicitFileType = wrapper.application; includeInIndex = 0; path = StackView.app; sourceTree = BUILT_PRODUCTS_DIR; };
		810AA4AE1F3C7ACA00941ECC /* AppDelegate.swift */ = {isa = PBXFileReference; lastKnownFileType = sourcecode.swift; path = AppDelegate.swift; sourceTree = "<group>"; };
		810AA4B01F3C7ACA00941ECC /* ViewController.swift */ = {isa = PBXFileReference; lastKnownFileType = sourcecode.swift; path = ViewController.swift; sourceTree = "<group>"; };
		810AA4B31F3C7ACA00941ECC /* Base */ = {isa = PBXFileReference; lastKnownFileType = file.storyboard; name = Base; path = Base.lproj/Main.storyboard; sourceTree = "<group>"; };
		810AA4B51F3C7ACA00941ECC /* Assets.xcassets */ = {isa = PBXFileReference; lastKnownFileType = folder.assetcatalog; path = Assets.xcassets; sourceTree = "<group>"; };
		810AA4B81F3C7ACA00941ECC /* Base */ = {isa = PBXFileReference; lastKnownFileType = file.storyboard; name = Base; path = Base.lproj/LaunchScreen.storyboard; sourceTree = "<group>"; };
		810AA4BA1F3C7ACA00941ECC /* Info.plist */ = {isa = PBXFileReference; lastKnownFileType = text.plist.xml; path = Info.plist; sourceTree = "<group>"; };
		810AA4BF1F3C7ACA00941ECC /* StackViewTests.xctest */ = {isa = PBXFileReference; explicitFileType = wrapper.cfbundle; includeInIndex = 0; path = StackViewTests.xctest; sourceTree = BUILT_PRODUCTS_DIR; };
		810AA4C31F3C7ACA00941ECC /* StackViewTests.swift */ = {isa = PBXFileReference; lastKnownFileType = sourcecode.swift; path = StackViewTests.swift; sourceTree = "<group>"; };
		810AA4C51F3C7ACA00941ECC /* Info.plist */ = {isa = PBXFileReference; lastKnownFileType = text.plist.xml; path = Info.plist; sourceTree = "<group>"; };
		810AA4CA1F3C7ACA00941ECC /* StackViewUITests.xctest */ = {isa = PBXFileReference; explicitFileType = wrapper.cfbundle; includeInIndex = 0; path = StackViewUITests.xctest; sourceTree = BUILT_PRODUCTS_DIR; };
		810AA4CE1F3C7ACA00941ECC /* StackViewUITests.swift */ = {isa = PBXFileReference; lastKnownFileType = sourcecode.swift; path = StackViewUITests.swift; sourceTree = "<group>"; };
		810AA4D01F3C7ACA00941ECC /* Info.plist */ = {isa = PBXFileReference; lastKnownFileType = text.plist.xml; path = Info.plist; sourceTree = "<group>"; };
/* End PBXFileReference section */

/* Begin PBXFrameworksBuildPhase section */
		810AA4A81F3C7ACA00941ECC /* Frameworks */ = {
			isa = PBXFrameworksBuildPhase;
			buildActionMask = 2147483647;
			files = (
			);
			runOnlyForDeploymentPostprocessing = 0;
		};
		810AA4BC1F3C7ACA00941ECC /* Frameworks */ = {
			isa = PBXFrameworksBuildPhase;
			buildActionMask = 2147483647;
			files = (
			);
			runOnlyForDeploymentPostprocessing = 0;
		};
		810AA4C71F3C7ACA00941ECC /* Frameworks */ = {
			isa = PBXFrameworksBuildPhase;
			buildActionMask = 2147483647;
			files = (
			);
			runOnlyForDeploymentPostprocessing = 0;
		};
/* End PBXFrameworksBuildPhase section */

/* Begin PBXGroup section */
		810AA4A21F3C7ACA00941ECC = {
			isa = PBXGroup;
			children = (
				810AA4AD1F3C7ACA00941ECC /* StackView */,
				810AA4C21F3C7ACA00941ECC /* StackViewTests */,
				810AA4CD1F3C7ACA00941ECC /* StackViewUITests */,
				810AA4AC1F3C7ACA00941ECC /* Products */,
			);
			sourceTree = "<group>";
		};
		810AA4AC1F3C7ACA00941ECC /* Products */ = {
			isa = PBXGroup;
			children = (
				810AA4AB1F3C7ACA00941ECC /* StackView.app */,
				810AA4BF1F3C7ACA00941ECC /* StackViewTests.xctest */,
				810AA4CA1F3C7ACA00941ECC /* StackViewUITests.xctest */,
			);
			name = Products;
			sourceTree = "<group>";
		};
		810AA4AD1F3C7ACA00941ECC /* StackView */ = {
			isa = PBXGroup;
			children = (
				810AA4AE1F3C7ACA00941ECC /* AppDelegate.swift */,
				810AA4B01F3C7ACA00941ECC /* ViewController.swift */,
				810AA4B21F3C7ACA00941ECC /* Main.storyboard */,
				810AA4B51F3C7ACA00941ECC /* Assets.xcassets */,
				810AA4B71F3C7ACA00941ECC /* LaunchScreen.storyboard */,
				810AA4BA1F3C7ACA00941ECC /* Info.plist */,
			);
			path = StackView;
			sourceTree = "<group>";
		};
		810AA4C21F3C7ACA00941ECC /* StackViewTests */ = {
			isa = PBXGroup;
			children = (
				810AA4C31F3C7ACA00941ECC /* StackViewTests.swift */,
				810AA4C51F3C7ACA00941ECC /* Info.plist */,
			);
			path = StackViewTests;
			sourceTree = "<group>";
		};
		810AA4CD1F3C7ACA00941ECC /* StackViewUITests */ = {
			isa = PBXGroup;
			children = (
				810AA4CE1F3C7ACA00941ECC /* StackViewUITests.swift */,
				810AA4D01F3C7ACA00941ECC /* Info.plist */,
			);
			path = StackViewUITests;
			sourceTree = "<group>";
		};
/* End PBXGroup section */

/* Begin PBXNativeTarget section */
		810AA4AA1F3C7ACA00941ECC /* StackView */ = {
			isa = PBXNativeTarget;
			buildConfigurationList = 810AA4D31F3C7ACA00941ECC /* Build configuration list for PBXNativeTarget "StackView" */;
			buildPhases = (
				810AA4A71F3C7ACA00941ECC /* Sources */,
				810AA4A81F3C7ACA00941ECC /* Frameworks */,
				810AA4A91F3C7ACA00941ECC /* Resources */,
			);
			buildRules = (
			);
			dependencies = (
			);
			name = StackView;
			productName = StackView;
			productReference = 810AA4AB1F3C7ACA00941ECC /* StackView.app */;
			productType = "com.apple.product-type.application";
		};
		810AA4BE1F3C7ACA00941ECC /* StackViewTests */ = {
			isa = PBXNativeTarget;
			buildConfigurationList = 810AA4D61F3C7ACA00941ECC /* Build configuration list for PBXNativeTarget "StackViewTests" */;
			buildPhases = (
				810AA4BB1F3C7ACA00941ECC /* Sources */,
				810AA4BC1F3C7ACA00941ECC /* Frameworks */,
				810AA4BD1F3C7ACA00941ECC /* Resources */,
			);
			buildRules = (
			);
			dependencies = (
				810AA4C11F3C7ACA00941ECC /* PBXTargetDependency */,
			);
			name = StackViewTests;
			productName = StackViewTests;
			productReference = 810AA4BF1F3C7ACA00941ECC /* StackViewTests.xctest */;
			productType = "com.apple.product-type.bundle.unit-test";
		};
		810AA4C91F3C7ACA00941ECC /* StackViewUITests */ = {
			isa = PBXNativeTarget;
			buildConfigurationList = 810AA4D91F3C7ACA00941ECC /* Build configuration list for PBXNativeTarget "StackViewUITests" */;
			buildPhases = (
				810AA4C61F3C7ACA00941ECC /* Sources */,
				810AA4C71F3C7ACA00941ECC /* Frameworks */,
				810AA4C81F3C7ACA00941ECC /* Resources */,
			);
			buildRules = (
			);
			dependencies = (
				810AA4CC1F3C7ACA00941ECC /* PBXTargetDependency */,
			);
			name = StackViewUITests;
			productName = StackViewUITests;
			productReference = 810AA4CA1F3C7ACA00941ECC /* StackViewUITests.xctest */;
			productType = "com.apple.product-type.bundle.ui-testing";
		};
/* End PBXNativeTarget section */

/* Begin PBXProject section */
		810AA4A31F3C7ACA00941ECC /* Project object */ = {
			isa = PBXProject;
			attributes = {
				LastSwiftUpdateCheck = 0900;
				LastUpgradeCheck = 0900;
				ORGANIZATIONNAME = rajubd49;
				TargetAttributes = {
					810AA4AA1F3C7ACA00941ECC = {
						CreatedOnToolsVersion = 9.0;
					};
					810AA4BE1F3C7ACA00941ECC = {
						CreatedOnToolsVersion = 9.0;
						TestTargetID = 810AA4AA1F3C7ACA00941ECC;
					};
					810AA4C91F3C7ACA00941ECC = {
						CreatedOnToolsVersion = 9.0;
						TestTargetID = 810AA4AA1F3C7ACA00941ECC;
					};
				};
			};
			buildConfigurationList = 810AA4A61F3C7ACA00941ECC /* Build configuration list for PBXProject "StackView" */;
			compatibilityVersion = "Xcode 8.0";
			developmentRegion = en;
			hasScannedForEncodings = 0;
			knownRegions = (
				en,
				Base,
			);
			mainGroup = 810AA4A21F3C7ACA00941ECC;
			productRefGroup = 810AA4AC1F3C7ACA00941ECC /* Products */;
			projectDirPath = "";
			projectRoot = "";
			targets = (
				810AA4AA1F3C7ACA00941ECC /* StackView */,
				810AA4BE1F3C7ACA00941ECC /* StackViewTests */,
				810AA4C91F3C7ACA00941ECC /* StackViewUITests */,
			);
		};
/* End PBXProject section */

/* Begin PBXResourcesBuildPhase section */
		810AA4A91F3C7ACA00941ECC /* Resources */ = {
			isa = PBXResourcesBuildPhase;
			buildActionMask = 2147483647;
			files = (
				810AA4B91F3C7ACA00941ECC /* LaunchScreen.storyboard in Resources */,
				810AA4B61F3C7ACA00941ECC /* Assets.xcassets in Resources */,
				810AA4B41F3C7ACA00941ECC /* Main.storyboard in Resources */,
			);
			runOnlyForDeploymentPostprocessing = 0;
		};
		810AA4BD1F3C7ACA00941ECC /* Resources */ = {
			isa = PBXResourcesBuildPhase;
			buildActionMask = 2147483647;
			files = (
			);
			runOnlyForDeploymentPostprocessing = 0;
		};
		810AA4C81F3C7ACA00941ECC /* Resources */ = {
			isa = PBXResourcesBuildPhase;
			buildActionMask = 2147483647;
			files = (
			);
			runOnlyForDeploymentPostprocessing = 0;
		};
/* End PBXResourcesBuildPhase section */

/* Begin PBXSourcesBuildPhase section */
		810AA4A71F3C7ACA00941ECC /* Sources */ = {
			isa = PBXSourcesBuildPhase;
			buildActionMask = 2147483647;
			files = (
				810AA4B11F3C7ACA00941ECC /* ViewController.swift in Sources */,
				810AA4AF1F3C7ACA00941ECC /* AppDelegate.swift in Sources */,
			);
			runOnlyForDeploymentPostprocessing = 0;
		};
		810AA4BB1F3C7ACA00941ECC /* Sources */ = {
			isa = PBXSourcesBuildPhase;
			buildActionMask = 2147483647;
			files = (
				810AA4C41F3C7ACA00941ECC /* StackViewTests.swift in Sources */,
			);
			runOnlyForDeploymentPostprocessing = 0;
		};
		810AA4C61F3C7ACA00941ECC /* Sources */ = {
			isa = PBXSourcesBuildPhase;
			buildActionMask = 2147483647;
			files = (
				810AA4CF1F3C7ACA00941ECC /* StackViewUITests.swift in Sources */,
			);
			runOnlyForDeploymentPostprocessing = 0;
		};
/* End PBXSourcesBuildPhase section */

/* Begin PBXTargetDependency section */
		810AA4C11F3C7ACA00941ECC /* PBXTargetDependency */ = {
			isa = PBXTargetDependency;
			target = 810AA4AA1F3C7ACA00941ECC /* StackView */;
			targetProxy = 810AA4C01F3C7ACA00941ECC /* PBXContainerItemProxy */;
		};
		810AA4CC1F3C7ACA00941ECC /* PBXTargetDependency */ = {
			isa = PBXTargetDependency;
			target = 810AA4AA1F3C7ACA00941ECC /* StackView */;
			targetProxy = 810AA4CB1F3C7ACA00941ECC /* PBXContainerItemProxy */;
		};
/* End PBXTargetDependency section */

/* Begin PBXVariantGroup section */
		810AA4B21F3C7ACA00941ECC /* Main.storyboard */ = {
			isa = PBXVariantGroup;
			children = (
				810AA4B31F3C7ACA00941ECC /* Base */,
			);
			name = Main.storyboard;
			sourceTree = "<group>";
		};
		810AA4B71F3C7ACA00941ECC /* LaunchScreen.storyboard */ = {
			isa = PBXVariantGroup;
			children = (
				810AA4B81F3C7ACA00941ECC /* Base */,
			);
			name = LaunchScreen.storyboard;
			sourceTree = "<group>";
		};
/* End PBXVariantGroup section */

/* Begin XCBuildConfiguration section */
		810AA4D11F3C7ACA00941ECC /* Debug */ = {
			isa = XCBuildConfiguration;
			buildSettings = {
				ALWAYS_SEARCH_USER_PATHS = NO;
				CLANG_ANALYZER_NONNULL = YES;
				CLANG_ANALYZER_NUMBER_OBJECT_CONVERSION = YES_AGGRESSIVE;
				CLANG_CXX_LANGUAGE_STANDARD = "gnu++14";
				CLANG_CXX_LIBRARY = "libc++";
				CLANG_ENABLE_MODULES = YES;
				CLANG_ENABLE_OBJC_ARC = YES;
				CLANG_WARN_BLOCK_CAPTURE_AUTORELEASING = YES;
				CLANG_WARN_BOOL_CONVERSION = YES;
				CLANG_WARN_COMMA = YES;
				CLANG_WARN_CONSTANT_CONVERSION = YES;
				CLANG_WARN_DIRECT_OBJC_ISA_USAGE = YES_ERROR;
				CLANG_WARN_DOCUMENTATION_COMMENTS = YES;
				CLANG_WARN_EMPTY_BODY = YES;
				CLANG_WARN_ENUM_CONVERSION = YES;
				CLANG_WARN_INFINITE_RECURSION = YES;
				CLANG_WARN_INT_CONVERSION = YES;
				CLANG_WARN_NON_LITERAL_NULL_CONVERSION = YES;
				CLANG_WARN_OBJC_LITERAL_CONVERSION = YES;
				CLANG_WARN_OBJC_ROOT_CLASS = YES_ERROR;
				CLANG_WARN_RANGE_LOOP_ANALYSIS = YES;
				CLANG_WARN_STRICT_PROTOTYPES = YES;
				CLANG_WARN_SUSPICIOUS_MOVE = YES;
				CLANG_WARN_UNGUARDED_AVAILABILITY = YES_AGGRESSIVE;
				CLANG_WARN_UNREACHABLE_CODE = YES;
				CLANG_WARN__DUPLICATE_METHOD_MATCH = YES;
				CODE_SIGN_IDENTITY = "iPhone Developer";
				COPY_PHASE_STRIP = NO;
				DEBUG_INFORMATION_FORMAT = dwarf;
				ENABLE_STRICT_OBJC_MSGSEND = YES;
				ENABLE_TESTABILITY = YES;
				GCC_C_LANGUAGE_STANDARD = gnu11;
				GCC_DYNAMIC_NO_PIC = NO;
				GCC_NO_COMMON_BLOCKS = YES;
				GCC_OPTIMIZATION_LEVEL = 0;
				GCC_PREPROCESSOR_DEFINITIONS = (
					"DEBUG=1",
					"$(inherited)",
				);
				GCC_WARN_64_TO_32_BIT_CONVERSION = YES;
				GCC_WARN_ABOUT_RETURN_TYPE = YES_ERROR;
				GCC_WARN_UNDECLARED_SELECTOR = YES;
				GCC_WARN_UNINITIALIZED_AUTOS = YES_AGGRESSIVE;
				GCC_WARN_UNUSED_FUNCTION = YES;
				GCC_WARN_UNUSED_VARIABLE = YES;
				IPHONEOS_DEPLOYMENT_TARGET = 11.0;
				MTL_ENABLE_DEBUG_INFO = YES;
				ONLY_ACTIVE_ARCH = YES;
				SDKROOT = iphoneos;
				SWIFT_ACTIVE_COMPILATION_CONDITIONS = DEBUG;
				SWIFT_OPTIMIZATION_LEVEL = "-Onone";
			};
			name = Debug;
		};
		810AA4D21F3C7ACA00941ECC /* Release */ = {
			isa = XCBuildConfiguration;
			buildSettings = {
				ALWAYS_SEARCH_USER_PATHS = NO;
				CLANG_ANALYZER_NONNULL = YES;
				CLANG_ANALYZER_NUMBER_OBJECT_CONVERSION = YES_AGGRESSIVE;
				CLANG_CXX_LANGUAGE_STANDARD = "gnu++14";
				CLANG_CXX_LIBRARY = "libc++";
				CLANG_ENABLE_MODULES = YES;
				CLANG_ENABLE_OBJC_ARC = YES;
				CLANG_WARN_BLOCK_CAPTURE_AUTORELEASING = YES;
				CLANG_WARN_BOOL_CONVERSION = YES;
				CLANG_WARN_COMMA = YES;
				CLANG_WARN_CONSTANT_CONVERSION = YES;
				CLANG_WARN_DIRECT_OBJC_ISA_USAGE = YES_ERROR;
				CLANG_WARN_DOCUMENTATION_COMMENTS = YES;
				CLANG_WARN_EMPTY_BODY = YES;
				CLANG_WARN_ENUM_CONVERSION = YES;
				CLANG_WARN_INFINITE_RECURSION = YES;
				CLANG_WARN_INT_CONVERSION = YES;
				CLANG_WARN_NON_LITERAL_NULL_CONVERSION = YES;
				CLANG_WARN_OBJC_LITERAL_CONVERSION = YES;
				CLANG_WARN_OBJC_ROOT_CLASS = YES_ERROR;
				CLANG_WARN_RANGE_LOOP_ANALYSIS = YES;
				CLANG_WARN_STRICT_PROTOTYPES = YES;
				CLANG_WARN_SUSPICIOUS_MOVE = YES;
				CLANG_WARN_UNGUARDED_AVAILABILITY = YES_AGGRESSIVE;
				CLANG_WARN_UNREACHABLE_CODE = YES;
				CLANG_WARN__DUPLICATE_METHOD_MATCH = YES;
				CODE_SIGN_IDENTITY = "iPhone Developer";
				COPY_PHASE_STRIP = NO;
				DEBUG_INFORMATION_FORMAT = "dwarf-with-dsym";
				ENABLE_NS_ASSERTIONS = NO;
				ENABLE_STRICT_OBJC_MSGSEND = YES;
				GCC_C_LANGUAGE_STANDARD = gnu11;
				GCC_NO_COMMON_BLOCKS = YES;
				GCC_WARN_64_TO_32_BIT_CONVERSION = YES;
				GCC_WARN_ABOUT_RETURN_TYPE = YES_ERROR;
				GCC_WARN_UNDECLARED_SELECTOR = YES;
				GCC_WARN_UNINITIALIZED_AUTOS = YES_AGGRESSIVE;
				GCC_WARN_UNUSED_FUNCTION = YES;
				GCC_WARN_UNUSED_VARIABLE = YES;
				IPHONEOS_DEPLOYMENT_TARGET = 11.0;
				MTL_ENABLE_DEBUG_INFO = NO;
				SDKROOT = iphoneos;
				SWIFT_OPTIMIZATION_LEVEL = "-Owholemodule";
				VALIDATE_PRODUCT = YES;
			};
			name = Release;
		};
		810AA4D41F3C7ACA00941ECC /* Debug */ = {
			isa = XCBuildConfiguration;
			buildSettings = {
				ASSETCATALOG_COMPILER_APPICON_NAME = AppIcon;
				INFOPLIST_FILE = StackView/Info.plist;
				LD_RUNPATH_SEARCH_PATHS = "$(inherited) @executable_path/Frameworks";
				PRODUCT_BUNDLE_IDENTIFIER = com.rajubd49.StackView;
				PRODUCT_NAME = "$(TARGET_NAME)";
				SWIFT_VERSION = 4.0;
				TARGETED_DEVICE_FAMILY = "1,2";
			};
			name = Debug;
		};
		810AA4D51F3C7ACA00941ECC /* Release */ = {
			isa = XCBuildConfiguration;
			buildSettings = {
				ASSETCATALOG_COMPILER_APPICON_NAME = AppIcon;
				INFOPLIST_FILE = StackView/Info.plist;
				LD_RUNPATH_SEARCH_PATHS = "$(inherited) @executable_path/Frameworks";
				PRODUCT_BUNDLE_IDENTIFIER = com.rajubd49.StackView;
				PRODUCT_NAME = "$(TARGET_NAME)";
				SWIFT_VERSION = 4.0;
				TARGETED_DEVICE_FAMILY = "1,2";
			};
			name = Release;
		};
		810AA4D71F3C7ACA00941ECC /* Debug */ = {
			isa = XCBuildConfiguration;
			buildSettings = {
				ALWAYS_EMBED_SWIFT_STANDARD_LIBRARIES = YES;
				BUNDLE_LOADER = "$(TEST_HOST)";
				INFOPLIST_FILE = StackViewTests/Info.plist;
				LD_RUNPATH_SEARCH_PATHS = "$(inherited) @executable_path/Frameworks @loader_path/Frameworks";
				PRODUCT_BUNDLE_IDENTIFIER = com.rajubd49.StackViewTests;
				PRODUCT_NAME = "$(TARGET_NAME)";
				SWIFT_VERSION = 4.0;
				TARGETED_DEVICE_FAMILY = "1,2";
				TEST_HOST = "$(BUILT_PRODUCTS_DIR)/StackView.app/StackView";
			};
			name = Debug;
		};
		810AA4D81F3C7ACA00941ECC /* Release */ = {
			isa = XCBuildConfiguration;
			buildSettings = {
				ALWAYS_EMBED_SWIFT_STANDARD_LIBRARIES = YES;
				BUNDLE_LOADER = "$(TEST_HOST)";
				INFOPLIST_FILE = StackViewTests/Info.plist;
				LD_RUNPATH_SEARCH_PATHS = "$(inherited) @executable_path/Frameworks @loader_path/Frameworks";
				PRODUCT_BUNDLE_IDENTIFIER = com.rajubd49.StackViewTests;
				PRODUCT_NAME = "$(TARGET_NAME)";
				SWIFT_VERSION = 4.0;
				TARGETED_DEVICE_FAMILY = "1,2";
				TEST_HOST = "$(BUILT_PRODUCTS_DIR)/StackView.app/StackView";
			};
			name = Release;
		};
		810AA4DA1F3C7ACA00941ECC /* Debug */ = {
			isa = XCBuildConfiguration;
			buildSettings = {
				ALWAYS_EMBED_SWIFT_STANDARD_LIBRARIES = YES;
				INFOPLIST_FILE = StackViewUITests/Info.plist;
				LD_RUNPATH_SEARCH_PATHS = "$(inherited) @executable_path/Frameworks @loader_path/Frameworks";
				PRODUCT_BUNDLE_IDENTIFIER = com.rajubd49.StackViewUITests;
				PRODUCT_NAME = "$(TARGET_NAME)";
				SWIFT_VERSION = 4.0;
				TARGETED_DEVICE_FAMILY = "1,2";
				TEST_TARGET_NAME = StackView;
			};
			name = Debug;
		};
		810AA4DB1F3C7ACA00941ECC /* Release */ = {
			isa = XCBuildConfiguration;
			buildSettings = {
				ALWAYS_EMBED_SWIFT_STANDARD_LIBRARIES = YES;
				INFOPLIST_FILE = StackViewUITests/Info.plist;
				LD_RUNPATH_SEARCH_PATHS = "$(inherited) @executable_path/Frameworks @loader_path/Frameworks";
				PRODUCT_BUNDLE_IDENTIFIER = com.rajubd49.StackViewUITests;
				PRODUCT_NAME = "$(TARGET_NAME)";
				SWIFT_VERSION = 4.0;
				TARGETED_DEVICE_FAMILY = "1,2";
				TEST_TARGET_NAME = StackView;
			};
			name = Release;
		};
/* End XCBuildConfiguration section */

/* Begin XCConfigurationList section */
		810AA4A61F3C7ACA00941ECC /* Build configuration list for PBXProject "StackView" */ = {
			isa = XCConfigurationList;
			buildConfigurations = (
				810AA4D11F3C7ACA00941ECC /* Debug */,
				810AA4D21F3C7ACA00941ECC /* Release */,
			);
			defaultConfigurationIsVisible = 0;
			defaultConfigurationName = Release;
		};
		810AA4D31F3C7ACA00941ECC /* Build configuration list for PBXNativeTarget "StackView" */ = {
			isa = XCConfigurationList;
			buildConfigurations = (
				810AA4D41F3C7ACA00941ECC /* Debug */,
				810AA4D51F3C7ACA00941ECC /* Release */,
			);
			defaultConfigurationIsVisible = 0;
		};
		810AA4D61F3C7ACA00941ECC /* Build configuration list for PBXNativeTarget "StackViewTests" */ = {
			isa = XCConfigurationList;
			buildConfigurations = (
				810AA4D71F3C7ACA00941ECC /* Debug */,
				810AA4D81F3C7ACA00941ECC /* Release */,
			);
			defaultConfigurationIsVisible = 0;
		};
		810AA4D91F3C7ACA00941ECC /* Build configuration list for PBXNativeTarget "StackViewUITests" */ = {
			isa = XCConfigurationList;
			buildConfigurations = (
				810AA4DA1F3C7ACA00941ECC /* Debug */,
				810AA4DB1F3C7ACA00941ECC /* Release */,
			);
			defaultConfigurationIsVisible = 0;
		};
/* End XCConfigurationList section */
	};
	rootObject = 810AA4A31F3C7ACA00941ECC /* Project object */;
}
